
Microsoft Visual Studio Solution File, Format Version 12.00
# Visual Studio Version 16
VisualStudioVersion = 16.0.31729.503
MinimumVisualStudioVersion = 10.0.40219.1
Project("{FAE04EC0-301F-11D3-BF4B-00C04F79EFBC}") = "Tema3", "Tema3\Tema3.csproj", "{4BF20DCD-D3EF-43E3-B762-915E89872BCD}"
EndProject
Global
	GlobalSection(SolutionConfigurationPlatforms) = preSolution
		Debug|Any CPU = Debug|Any CPU
		Release|Any CPU = Release|Any CPU
	EndGlobalSection
	GlobalSection(ProjectConfigurationPlatforms) = postSolution
		{4BF20DCD-D3EF-43E3-B762-915E89872BCD}.Debug|Any CPU.ActiveCfg = Debug|Any CPU
		{4BF20DCD-D3EF-43E3-B762-915E89872BCD}.Debug|Any CPU.Build.0 = Debug|Any CPU
		{4BF20DCD-D3EF-43E3-B762-915E89872BCD}.Release|Any CPU.ActiveCfg = Release|Any CPU
		{4BF20DCD-D3EF-43E3-B762-915E89872BCD}.Release|Any CPU.Build.0 = Release|Any CPU
	EndGlobalSection
	GlobalSection(SolutionProperties) = preSolution
		HideSolutionNode = FALSE
	EndGlobalSection
	GlobalSection(ExtensibilityGlobals) = postSolution
		SolutionGuid = {ABCB1874-1CAC-48D6-89B1-B03A756A2094}
	EndGlobalSection
EndGlobal
